
Microsoft Visual Studio Solution File, Format Version 12.00
Project("{FAE04EC0-301F-11D3-BF4B-00C04F79EFBC}") = "AmdarisAssignment3", "AmdarisAssignment3\AmdarisAssignment3.csproj", "{05DEC6DD-DC85-4FAA-8AF7-7E04EA0D062D}"
EndProject
Project("{FAE04EC0-301F-11D3-BF4B-00C04F79EFBC}") = "AmdarisAssignment5", "AmdarisAssignment5\AmdarisAssignment5.csproj", "{6DBEEA57-7DFA-472A-B259-E15A4F1D4CF7}"
EndProject
Global
	GlobalSection(SolutionConfigurationPlatforms) = preSolution
		Debug|Any CPU = Debug|Any CPU
		Release|Any CPU = Release|Any CPU
	EndGlobalSection
	GlobalSection(ProjectConfigurationPlatforms) = postSolution
		{05DEC6DD-DC85-4FAA-8AF7-7E04EA0D062D}.Debug|Any CPU.ActiveCfg = Debug|Any CPU
		{05DEC6DD-DC85-4FAA-8AF7-7E04EA0D062D}.Debug|Any CPU.Build.0 = Debug|Any CPU
		{05DEC6DD-DC85-4FAA-8AF7-7E04EA0D062D}.Release|Any CPU.ActiveCfg = Release|Any CPU
		{05DEC6DD-DC85-4FAA-8AF7-7E04EA0D062D}.Release|Any CPU.Build.0 = Release|Any CPU
		{6DBEEA57-7DFA-472A-B259-E15A4F1D4CF7}.Debug|Any CPU.ActiveCfg = Debug|Any CPU
		{6DBEEA57-7DFA-472A-B259-E15A4F1D4CF7}.Debug|Any CPU.Build.0 = Debug|Any CPU
		{6DBEEA57-7DFA-472A-B259-E15A4F1D4CF7}.Release|Any CPU.ActiveCfg = Release|Any CPU
		{6DBEEA57-7DFA-472A-B259-E15A4F1D4CF7}.Release|Any CPU.Build.0 = Release|Any CPU
	EndGlobalSection
EndGlobal
